
Microsoft Visual Studio Solution File, Format Version 12.00
# Visual Studio 15
VisualStudioVersion = 15.0.27703.2026
MinimumVisualStudioVersion = 10.0.40219.1
Project("{2150E333-8FDC-42A3-9474-1A3956D46DE8}") = "99 Presentation", "99 Presentation", "{E84319BA-C054-4404-A5A1-56FED0411D04}"
EndProject
Project("{2150E333-8FDC-42A3-9474-1A3956D46DE8}") = "10 Domain", "10 Domain", "{831D9B8C-AE88-4D9F-B9EA-0B71308CB06C}"
EndProject
Project("{2150E333-8FDC-42A3-9474-1A3956D46DE8}") = "30 Common", "30 Common", "{C5717E21-B073-4F68-9088-15AC9474E2C3}"
EndProject
Project("{2150E333-8FDC-42A3-9474-1A3956D46DE8}") = "20 Infrastructures", "20 Infrastructures", "{C993A881-ED1A-432A-9EE1-C01B9710024C}"
EndProject
Project("{2150E333-8FDC-42A3-9474-1A3956D46DE8}") = "50 ApplicationServices", "50 ApplicationServices", "{6C8E2C12-661D-4E42-9308-AE514579900E}"
EndProject
Project("{2150E333-8FDC-42A3-9474-1A3956D46DE8}") = "40 ReadModel", "40 ReadModel", "{93F456D9-AEB0-4889-9725-64914ABE2FAD}"
EndProject
Project("{9A19103F-16F7-4668-BE54-9A1E7A4F7556}") = "FourSolid.Cqrs.Anagrafiche", "FourSolid.Cqrs.Anagrafiche\FourSolid.Cqrs.Anagrafiche.csproj", "{E799E01F-1A8C-46C0-9459-1F69A5AE6691}"
EndProject
Project("{9A19103F-16F7-4668-BE54-9A1E7A4F7556}") = "FourSolid.Cqrs.Anagrafiche.Shared", "FourSolid.Cqrs.Anagrafiche.Shared\FourSolid.Cqrs.Anagrafiche.Shared.csproj", "{5CB0FC63-EB5A-4637-8730-808CB77CEB54}"
EndProject
Project("{9A19103F-16F7-4668-BE54-9A1E7A4F7556}") = "FourSolid.Cqrs.Anagrafiche.ApplicationServices", "FourSolid.Cqrs.Anagrafiche.ApplicationServices\FourSolid.Cqrs.Anagrafiche.ApplicationServices.csproj", "{6F5D8607-4799-4E90-ACFB-2E4929F4B9DD}"
EndProject
Project("{2150E333-8FDC-42A3-9474-1A3956D46DE8}") = "Mediator", "Mediator", "{232751E4-69F5-42DD-AC30-CE4370766422}"
EndProject
Project("{9A19103F-16F7-4668-BE54-9A1E7A4F7556}") = "FourSolid.Cqrs.Anagrafiche.Mediator", "FourSolid.Cqrs.Anagrafiche.Mediator\FourSolid.Cqrs.Anagrafiche.Mediator.csproj", "{8DB04AFC-9B80-4ECD-A803-1B5224847F0A}"
EndProject
Project("{9A19103F-16F7-4668-BE54-9A1E7A4F7556}") = "FourSolid.Shared", "..\FourSolid.Cqrs.Shared\Shared\FourSolid.Shared.csproj", "{AC30328A-B17F-421C-94B8-56FD75583D66}"
EndProject
Project("{2150E333-8FDC-42A3-9474-1A3956D46DE8}") = "CommonDomain", "CommonDomain", "{EE41A08E-7AFD-4550-99E2-F6A2A209B4CA}"
EndProject
Project("{9A19103F-16F7-4668-BE54-9A1E7A4F7556}") = "Muflone.CommonDomain", "..\FourSolid.Cqrs.Shared\CommonDomain\Muflone.CommonDomain.csproj", "{D582B89C-5527-41AE-98FD-910CA78BA5A8}"
EndProject
Project("{2150E333-8FDC-42A3-9474-1A3956D46DE8}") = "EventStore", "EventStore", "{8B5B514F-367E-4C47-B913-9892C5BD4BAA}"
EndProject
Project("{9A19103F-16F7-4668-BE54-9A1E7A4F7556}") = "FourSolid.EventStore", "..\FourSolid.Cqrs.Shared\EventStore\FourSolid.EventStore.csproj", "{CA549F47-ECAA-4BBF-9D38-E2868E265687}"
EndProject
Project("{2150E333-8FDC-42A3-9474-1A3956D46DE8}") = "InProcessBus", "InProcessBus", "{90525EE5-A235-4077-BD6E-90353154FC0C}"
EndProject
Project("{9A19103F-16F7-4668-BE54-9A1E7A4F7556}") = "FourSolid.Common.InProcessBus", "..\FourSolid.Cqrs.Shared\InProcessBus\FourSolid.Common.InProcessBus.csproj", "{EE230980-7460-4A17-821C-3CD660B25337}"
EndProject
Project("{2150E333-8FDC-42A3-9474-1A3956D46DE8}") = "Tests", "Tests", "{D4FB2125-E6E8-485A-9930-094381F8E944}"
EndProject
Project("{9A19103F-16F7-4668-BE54-9A1E7A4F7556}") = "FourSolid.Cqrs.Anagrafiche.ApplicationServices.Test", "FourSolid.Cqrs.Anagrafiche.ApplicationServices.Test\FourSolid.Cqrs.Anagrafiche.ApplicationServices.Test.csproj", "{CFC5ABC2-F044-453B-A744-DCBC8109B342}"
EndProject
Project("{2150E333-8FDC-42A3-9474-1A3956D46DE8}") = "Core", "Core", "{08416B1A-AE5C-444A-BEA0-FD625BE85B0B}"
EndProject
Project("{2150E333-8FDC-42A3-9474-1A3956D46DE8}") = "Rules", "Rules", "{468609FA-B020-4AA8-A7B8-EF6522A4101E}"
EndProject
Project("{2150E333-8FDC-42A3-9474-1A3956D46DE8}") = "Test", "Test", "{E734C8F8-1BFF-4135-8E29-5A03F6C9AE14}"
EndProject
Project("{2150E333-8FDC-42A3-9474-1A3956D46DE8}") = "Messages", "Messages", "{41BD0921-EDB2-4492-ACBC-E98E19C5742D}"
EndProject
Project("{9A19103F-16F7-4668-BE54-9A1E7A4F7556}") = "FourSolid.Cqrs.Anagrafiche.Messages.Events", "FourSolid.Cqrs.Anagrafiche.Messages.Events\FourSolid.Cqrs.Anagrafiche.Messages.Events.csproj", "{9281B809-8292-4041-B2CB-E208BB946BEF}"
EndProject
Project("{9A19103F-16F7-4668-BE54-9A1E7A4F7556}") = "FourSolid.Cqrs.Anagrafiche.Messages.Commands", "FourSolid.Cqrs.Anagrafiche.Messages.Commands\FourSolid.Cqrs.Anagrafiche.Messages.Commands.csproj", "{1901ECD6-9E64-4E2D-A38B-9C95D13BEF38}"
EndProject
Project("{9A19103F-16F7-4668-BE54-9A1E7A4F7556}") = "FourSolid.Cqrs.Anagrafiche.Domain", "FourSolid.Cqrs.Anagrafiche.Domain\FourSolid.Cqrs.Anagrafiche.Domain.csproj", "{D7773BF8-7FC6-439C-8775-B65E65EFACD6}"
EndProject
Project("{9A19103F-16F7-4668-BE54-9A1E7A4F7556}") = "FourSolid.Cqrs.Anagrafiche.Domain.Rules", "FourSolid.Cqrs.Anagrafiche.Domain.Rules\FourSolid.Cqrs.Anagrafiche.Domain.Rules.csproj", "{F7DC5ABD-25DA-4608-80EB-A25C96F8D3E6}"
EndProject
Project("{9A19103F-16F7-4668-BE54-9A1E7A4F7556}") = "FourSolid.Cqrs.Anagrafiche.Domain.Test", "FourSolid.Cqrs.Anagrafiche.Domain.Test\FourSolid.Cqrs.Anagrafiche.Domain.Test.csproj", "{DCCEBD2A-6447-4545-BEAD-EEACA68C70D4}"
EndProject
Project("{2150E333-8FDC-42A3-9474-1A3956D46DE8}") = "RabbitMq", "RabbitMq", "{98B20441-0FEA-4E98-B4FE-2238C41C9796}"
EndProject
Project("{9A19103F-16F7-4668-BE54-9A1E7A4F7556}") = "FourSolid.MessagingGateway.RabbitMq", "..\FourSolid.Cqrs.Shared\RabbitMq\FourSolid.MessagingGateway.RabbitMq.csproj", "{0A6E1709-0E4D-4672-98B2-D549E85DB17F}"
EndProject
Project("{9A19103F-16F7-4668-BE54-9A1E7A4F7556}") = "FourSolid.Cqrs.Anagrafiche.ReadModel.MongoDb", "FourSolid.Cqrs.Anagrafiche.ReadModel.MongoDb\FourSolid.Cqrs.Anagrafiche.ReadModel.MongoDb.csproj", "{07CCF7F7-6EE5-4D9B-96CC-BA486B594CE0}"
EndProject
Global
	GlobalSection(SolutionConfigurationPlatforms) = preSolution
		Debug|Any CPU = Debug|Any CPU
		Release|Any CPU = Release|Any CPU
	EndGlobalSection
	GlobalSection(ProjectConfigurationPlatforms) = postSolution
		{E799E01F-1A8C-46C0-9459-1F69A5AE6691}.Debug|Any CPU.ActiveCfg = Debug|Any CPU
		{E799E01F-1A8C-46C0-9459-1F69A5AE6691}.Debug|Any CPU.Build.0 = Debug|Any CPU
		{E799E01F-1A8C-46C0-9459-1F69A5AE6691}.Release|Any CPU.ActiveCfg = Release|Any CPU
		{E799E01F-1A8C-46C0-9459-1F69A5AE6691}.Release|Any CPU.Build.0 = Release|Any CPU
		{5CB0FC63-EB5A-4637-8730-808CB77CEB54}.Debug|Any CPU.ActiveCfg = Debug|Any CPU
		{5CB0FC63-EB5A-4637-8730-808CB77CEB54}.Debug|Any CPU.Build.0 = Debug|Any CPU
		{5CB0FC63-EB5A-4637-8730-808CB77CEB54}.Release|Any CPU.ActiveCfg = Release|Any CPU
		{5CB0FC63-EB5A-4637-8730-808CB77CEB54}.Release|Any CPU.Build.0 = Release|Any CPU
		{6F5D8607-4799-4E90-ACFB-2E4929F4B9DD}.Debug|Any CPU.ActiveCfg = Debug|Any CPU
		{6F5D8607-4799-4E90-ACFB-2E4929F4B9DD}.Debug|Any CPU.Build.0 = Debug|Any CPU
		{6F5D8607-4799-4E90-ACFB-2E4929F4B9DD}.Release|Any CPU.ActiveCfg = Release|Any CPU
		{6F5D8607-4799-4E90-ACFB-2E4929F4B9DD}.Release|Any CPU.Build.0 = Release|Any CPU
		{8DB04AFC-9B80-4ECD-A803-1B5224847F0A}.Debug|Any CPU.ActiveCfg = Debug|Any CPU
		{8DB04AFC-9B80-4ECD-A803-1B5224847F0A}.Debug|Any CPU.Build.0 = Debug|Any CPU
		{8DB04AFC-9B80-4ECD-A803-1B5224847F0A}.Release|Any CPU.ActiveCfg = Release|Any CPU
		{8DB04AFC-9B80-4ECD-A803-1B5224847F0A}.Release|Any CPU.Build.0 = Release|Any CPU
		{AC30328A-B17F-421C-94B8-56FD75583D66}.Debug|Any CPU.ActiveCfg = Debug|Any CPU
		{AC30328A-B17F-421C-94B8-56FD75583D66}.Debug|Any CPU.Build.0 = Debug|Any CPU
		{AC30328A-B17F-421C-94B8-56FD75583D66}.Release|Any CPU.ActiveCfg = Release|Any CPU
		{AC30328A-B17F-421C-94B8-56FD75583D66}.Release|Any CPU.Build.0 = Release|Any CPU
		{D582B89C-5527-41AE-98FD-910CA78BA5A8}.Debug|Any CPU.ActiveCfg = Debug|Any CPU
		{D582B89C-5527-41AE-98FD-910CA78BA5A8}.Debug|Any CPU.Build.0 = Debug|Any CPU
		{D582B89C-5527-41AE-98FD-910CA78BA5A8}.Release|Any CPU.ActiveCfg = Release|Any CPU
		{D582B89C-5527-41AE-98FD-910CA78BA5A8}.Release|Any CPU.Build.0 = Release|Any CPU
		{CA549F47-ECAA-4BBF-9D38-E2868E265687}.Debug|Any CPU.ActiveCfg = Debug|Any CPU
		{CA549F47-ECAA-4BBF-9D38-E2868E265687}.Debug|Any CPU.Build.0 = Debug|Any CPU
		{CA549F47-ECAA-4BBF-9D38-E2868E265687}.Release|Any CPU.ActiveCfg = Release|Any CPU
		{CA549F47-ECAA-4BBF-9D38-E2868E265687}.Release|Any CPU.Build.0 = Release|Any CPU
		{EE230980-7460-4A17-821C-3CD660B25337}.Debug|Any CPU.ActiveCfg = Debug|Any CPU
		{EE230980-7460-4A17-821C-3CD660B25337}.Debug|Any CPU.Build.0 = Debug|Any CPU
		{EE230980-7460-4A17-821C-3CD660B25337}.Release|Any CPU.ActiveCfg = Release|Any CPU
		{EE230980-7460-4A17-821C-3CD660B25337}.Release|Any CPU.Build.0 = Release|Any CPU
		{CFC5ABC2-F044-453B-A744-DCBC8109B342}.Debug|Any CPU.ActiveCfg = Debug|Any CPU
		{CFC5ABC2-F044-453B-A744-DCBC8109B342}.Debug|Any CPU.Build.0 = Debug|Any CPU
		{CFC5ABC2-F044-453B-A744-DCBC8109B342}.Release|Any CPU.ActiveCfg = Release|Any CPU
		{CFC5ABC2-F044-453B-A744-DCBC8109B342}.Release|Any CPU.Build.0 = Release|Any CPU
		{9281B809-8292-4041-B2CB-E208BB946BEF}.Debug|Any CPU.ActiveCfg = Debug|Any CPU
		{9281B809-8292-4041-B2CB-E208BB946BEF}.Debug|Any CPU.Build.0 = Debug|Any CPU
		{9281B809-8292-4041-B2CB-E208BB946BEF}.Release|Any CPU.ActiveCfg = Release|Any CPU
		{9281B809-8292-4041-B2CB-E208BB946BEF}.Release|Any CPU.Build.0 = Release|Any CPU
		{1901ECD6-9E64-4E2D-A38B-9C95D13BEF38}.Debug|Any CPU.ActiveCfg = Debug|Any CPU
		{1901ECD6-9E64-4E2D-A38B-9C95D13BEF38}.Debug|Any CPU.Build.0 = Debug|Any CPU
		{1901ECD6-9E64-4E2D-A38B-9C95D13BEF38}.Release|Any CPU.ActiveCfg = Release|Any CPU
		{1901ECD6-9E64-4E2D-A38B-9C95D13BEF38}.Release|Any CPU.Build.0 = Release|Any CPU
		{D7773BF8-7FC6-439C-8775-B65E65EFACD6}.Debug|Any CPU.ActiveCfg = Debug|Any CPU
		{D7773BF8-7FC6-439C-8775-B65E65EFACD6}.Debug|Any CPU.Build.0 = Debug|Any CPU
		{D7773BF8-7FC6-439C-8775-B65E65EFACD6}.Release|Any CPU.ActiveCfg = Release|Any CPU
		{D7773BF8-7FC6-439C-8775-B65E65EFACD6}.Release|Any CPU.Build.0 = Release|Any CPU
		{F7DC5ABD-25DA-4608-80EB-A25C96F8D3E6}.Debug|Any CPU.ActiveCfg = Debug|Any CPU
		{F7DC5ABD-25DA-4608-80EB-A25C96F8D3E6}.Debug|Any CPU.Build.0 = Debug|Any CPU
		{F7DC5ABD-25DA-4608-80EB-A25C96F8D3E6}.Release|Any CPU.ActiveCfg = Release|Any CPU
		{F7DC5ABD-25DA-4608-80EB-A25C96F8D3E6}.Release|Any CPU.Build.0 = Release|Any CPU
		{DCCEBD2A-6447-4545-BEAD-EEACA68C70D4}.Debug|Any CPU.ActiveCfg = Debug|Any CPU
		{DCCEBD2A-6447-4545-BEAD-EEACA68C70D4}.Debug|Any CPU.Build.0 = Debug|Any CPU
		{DCCEBD2A-6447-4545-BEAD-EEACA68C70D4}.Release|Any CPU.ActiveCfg = Release|Any CPU
		{DCCEBD2A-6447-4545-BEAD-EEACA68C70D4}.Release|Any CPU.Build.0 = Release|Any CPU
		{0A6E1709-0E4D-4672-98B2-D549E85DB17F}.Debug|Any CPU.ActiveCfg = Debug|Any CPU
		{0A6E1709-0E4D-4672-98B2-D549E85DB17F}.Debug|Any CPU.Build.0 = Debug|Any CPU
		{0A6E1709-0E4D-4672-98B2-D549E85DB17F}.Release|Any CPU.ActiveCfg = Release|Any CPU
		{0A6E1709-0E4D-4672-98B2-D549E85DB17F}.Release|Any CPU.Build.0 = Release|Any CPU
		{07CCF7F7-6EE5-4D9B-96CC-BA486B594CE0}.Debug|Any CPU.ActiveCfg = Debug|Any CPU
		{07CCF7F7-6EE5-4D9B-96CC-BA486B594CE0}.Debug|Any CPU.Build.0 = Debug|Any CPU
		{07CCF7F7-6EE5-4D9B-96CC-BA486B594CE0}.Release|Any CPU.ActiveCfg = Release|Any CPU
		{07CCF7F7-6EE5-4D9B-96CC-BA486B594CE0}.Release|Any CPU.Build.0 = Release|Any CPU
	EndGlobalSection
	GlobalSection(SolutionProperties) = preSolution
		HideSolutionNode = FALSE
	EndGlobalSection
	GlobalSection(NestedProjects) = preSolution
		{E799E01F-1A8C-46C0-9459-1F69A5AE6691} = {E84319BA-C054-4404-A5A1-56FED0411D04}
		{5CB0FC63-EB5A-4637-8730-808CB77CEB54} = {C5717E21-B073-4F68-9088-15AC9474E2C3}
		{6F5D8607-4799-4E90-ACFB-2E4929F4B9DD} = {6C8E2C12-661D-4E42-9308-AE514579900E}
		{232751E4-69F5-42DD-AC30-CE4370766422} = {C993A881-ED1A-432A-9EE1-C01B9710024C}
		{8DB04AFC-9B80-4ECD-A803-1B5224847F0A} = {232751E4-69F5-42DD-AC30-CE4370766422}
		{AC30328A-B17F-421C-94B8-56FD75583D66} = {C5717E21-B073-4F68-9088-15AC9474E2C3}
		{EE41A08E-7AFD-4550-99E2-F6A2A209B4CA} = {C993A881-ED1A-432A-9EE1-C01B9710024C}
		{D582B89C-5527-41AE-98FD-910CA78BA5A8} = {EE41A08E-7AFD-4550-99E2-F6A2A209B4CA}
		{8B5B514F-367E-4C47-B913-9892C5BD4BAA} = {C993A881-ED1A-432A-9EE1-C01B9710024C}
		{CA549F47-ECAA-4BBF-9D38-E2868E265687} = {8B5B514F-367E-4C47-B913-9892C5BD4BAA}
		{90525EE5-A235-4077-BD6E-90353154FC0C} = {C993A881-ED1A-432A-9EE1-C01B9710024C}
		{EE230980-7460-4A17-821C-3CD660B25337} = {90525EE5-A235-4077-BD6E-90353154FC0C}
		{D4FB2125-E6E8-485A-9930-094381F8E944} = {6C8E2C12-661D-4E42-9308-AE514579900E}
		{CFC5ABC2-F044-453B-A744-DCBC8109B342} = {D4FB2125-E6E8-485A-9930-094381F8E944}
		{08416B1A-AE5C-444A-BEA0-FD625BE85B0B} = {831D9B8C-AE88-4D9F-B9EA-0B71308CB06C}
		{468609FA-B020-4AA8-A7B8-EF6522A4101E} = {831D9B8C-AE88-4D9F-B9EA-0B71308CB06C}
		{E734C8F8-1BFF-4135-8E29-5A03F6C9AE14} = {831D9B8C-AE88-4D9F-B9EA-0B71308CB06C}
		{41BD0921-EDB2-4492-ACBC-E98E19C5742D} = {C993A881-ED1A-432A-9EE1-C01B9710024C}
		{9281B809-8292-4041-B2CB-E208BB946BEF} = {41BD0921-EDB2-4492-ACBC-E98E19C5742D}
		{1901ECD6-9E64-4E2D-A38B-9C95D13BEF38} = {41BD0921-EDB2-4492-ACBC-E98E19C5742D}
		{D7773BF8-7FC6-439C-8775-B65E65EFACD6} = {08416B1A-AE5C-444A-BEA0-FD625BE85B0B}
		{F7DC5ABD-25DA-4608-80EB-A25C96F8D3E6} = {468609FA-B020-4AA8-A7B8-EF6522A4101E}
		{DCCEBD2A-6447-4545-BEAD-EEACA68C70D4} = {E734C8F8-1BFF-4135-8E29-5A03F6C9AE14}
		{98B20441-0FEA-4E98-B4FE-2238C41C9796} = {C993A881-ED1A-432A-9EE1-C01B9710024C}
		{0A6E1709-0E4D-4672-98B2-D549E85DB17F} = {98B20441-0FEA-4E98-B4FE-2238C41C9796}
		{07CCF7F7-6EE5-4D9B-96CC-BA486B594CE0} = {93F456D9-AEB0-4889-9725-64914ABE2FAD}
	EndGlobalSection
	GlobalSection(ExtensibilityGlobals) = postSolution
		SolutionGuid = {B1543265-28C6-4EF1-B4CD-30D88AB91E3A}
	EndGlobalSection
EndGlobal
