
Microsoft Visual Studio Solution File, Format Version 12.00
# Visual Studio 15
VisualStudioVersion = 15.0.27703.2026
MinimumVisualStudioVersion = 10.0.40219.1
Project("{2150E333-8FDC-42A3-9474-1A3956D46DE8}") = "10 Domain", "10 Domain", "{66A340D3-9542-4BFB-995B-7F163AEBB6B8}"
EndProject
Project("{2150E333-8FDC-42A3-9474-1A3956D46DE8}") = "20 Infrastructures", "20 Infrastructures", "{6E37A696-5B6E-4855-9905-70E94F7E8C15}"
EndProject
Project("{2150E333-8FDC-42A3-9474-1A3956D46DE8}") = "30 Common", "30 Common", "{4344854D-9B9D-4394-AEC0-CAAC87CDFD2E}"
EndProject
Project("{2150E333-8FDC-42A3-9474-1A3956D46DE8}") = "40 ReadModel", "40 ReadModel", "{2D31559B-D311-4589-AAA0-40C4A9980A8B}"
EndProject
Project("{2150E333-8FDC-42A3-9474-1A3956D46DE8}") = "50 Application Services", "50 Application Services", "{29C307CB-90D5-457E-AFA4-858DBABFF153}"
EndProject
Project("{2150E333-8FDC-42A3-9474-1A3956D46DE8}") = "99 Presentation", "99 Presentation", "{6D7C45A5-6764-43CE-889C-034FF16D3E6F}"
EndProject
Project("{9A19103F-16F7-4668-BE54-9A1E7A4F7556}") = "FourSolid.Cqrs.OrdiniClienti", "FourSolid.Cqrs.OrdiniClienti\FourSolid.Cqrs.OrdiniClienti.csproj", "{46CDB83F-C906-4DAE-B067-903709218372}"
EndProject
Project("{9A19103F-16F7-4668-BE54-9A1E7A4F7556}") = "FourSolid.Cqrs.OrdiniClienti.Shared", "FourSolid.Cqrs.OrdiniClienti.Shared\FourSolid.Cqrs.OrdiniClienti.Shared.csproj", "{CB2199A3-A688-41D8-BE3F-FDD40916555C}"
EndProject
Project("{2150E333-8FDC-42A3-9474-1A3956D46DE8}") = "CommonDomain", "CommonDomain", "{54F04E61-95A7-4D3C-B42B-CEE3B28346ED}"
EndProject
Project("{2150E333-8FDC-42A3-9474-1A3956D46DE8}") = "InProcessBus", "InProcessBus", "{32DA479C-0BBE-45BD-82F6-8256A09FCC6D}"
EndProject
Project("{2150E333-8FDC-42A3-9474-1A3956D46DE8}") = "RabbitMq", "RabbitMq", "{50E9F3E5-9E4B-46A8-A655-DFAB194AF50F}"
EndProject
Project("{2150E333-8FDC-42A3-9474-1A3956D46DE8}") = "EventStore", "EventStore", "{4AA8B27E-6EC4-46F5-BE1B-D9932B87C655}"
EndProject
Project("{2150E333-8FDC-42A3-9474-1A3956D46DE8}") = "Messages", "Messages", "{E170F109-FBA0-489F-A1CD-AA2C5D403B8D}"
EndProject
Project("{9A19103F-16F7-4668-BE54-9A1E7A4F7556}") = "FourSolid.Shared", "..\FourSolid.Cqrs.Shared\Shared\FourSolid.Shared.csproj", "{D05412C6-3D2F-4448-936F-BAB88FB1D0E9}"
EndProject
Project("{9A19103F-16F7-4668-BE54-9A1E7A4F7556}") = "FourSolid.EventStore", "..\FourSolid.Cqrs.Shared\EventStore\FourSolid.EventStore.csproj", "{58DE110A-48F0-4F60-B7FD-7B17FAD3DE22}"
EndProject
Project("{9A19103F-16F7-4668-BE54-9A1E7A4F7556}") = "FourSolid.Common.InProcessBus", "..\FourSolid.Cqrs.Shared\InProcessBus\FourSolid.Common.InProcessBus.csproj", "{A92A43FA-9BEF-48B8-8A49-3D0624E19DDE}"
EndProject
Project("{9A19103F-16F7-4668-BE54-9A1E7A4F7556}") = "FourSolid.MessagingGateway.RabbitMq", "..\FourSolid.Cqrs.Shared\RabbitMq\FourSolid.MessagingGateway.RabbitMq.csproj", "{0D570102-5C24-4AFD-AC77-D73545F21A3E}"
EndProject
Project("{2150E333-8FDC-42A3-9474-1A3956D46DE8}") = "Core", "Core", "{EEC3976A-F351-45E1-B369-29104C6D464A}"
EndProject
Project("{2150E333-8FDC-42A3-9474-1A3956D46DE8}") = "Rules", "Rules", "{55CC17C1-AD6E-47B3-8046-5D5FEDEE2BA6}"
EndProject
Project("{2150E333-8FDC-42A3-9474-1A3956D46DE8}") = "Test", "Test", "{10CDD5EF-2CAB-495D-9B43-4B3A8A0985B4}"
EndProject
Project("{2150E333-8FDC-42A3-9474-1A3956D46DE8}") = "Mediator", "Mediator", "{8C2B017F-0EAA-4504-A171-EE2311451A87}"
EndProject
Project("{9A19103F-16F7-4668-BE54-9A1E7A4F7556}") = "FourSolid.Cqrs.OrdiniClienti.Mediator", "FourSolid.Cqrs.OrdiniClienti.Mediator\FourSolid.Cqrs.OrdiniClienti.Mediator.csproj", "{C93A1EFE-ADCC-4854-B3B1-51B26286BD19}"
EndProject
Project("{9A19103F-16F7-4668-BE54-9A1E7A4F7556}") = "FourSolid.Cqrs.OrdiniClienti.ApplicationServices", "FourSolid.Cqrs.OrdiniClienti.ApplicationServices\FourSolid.Cqrs.OrdiniClienti.ApplicationServices.csproj", "{8D0C2EEA-C7DB-4C15-8C5C-309FFB7DEA3E}"
EndProject
Project("{9A19103F-16F7-4668-BE54-9A1E7A4F7556}") = "FourSolid.Cqrs.OrdiniClienti.Domain", "FourSolid.Cqrs.OrdiniClienti.Domain\FourSolid.Cqrs.OrdiniClienti.Domain.csproj", "{69E30D19-A6B2-4FE8-B59A-A74BE78BD5DA}"
EndProject
Project("{9A19103F-16F7-4668-BE54-9A1E7A4F7556}") = "FourSolid.Cqrs.OrdiniClienti.Domain.Rules", "FourSolid.Cqrs.OrdiniClienti.Domain.Rules\FourSolid.Cqrs.OrdiniClienti.Domain.Rules.csproj", "{7D9192D7-8C61-4303-B4FF-C7B84B1569E4}"
EndProject
Project("{9A19103F-16F7-4668-BE54-9A1E7A4F7556}") = "FourSolid.Cqrs.OrdiniClienti.Domain.Test", "FourSolid.Cqrs.OrdiniClienti.Domain.Test\FourSolid.Cqrs.OrdiniClienti.Domain.Test.csproj", "{776FDC6B-E62D-47A4-A81E-0C8462A8F3C0}"
EndProject
Project("{9A19103F-16F7-4668-BE54-9A1E7A4F7556}") = "FourSolid.Cqrs.OrdiniClienti.Messages.Commands", "FourSolid.Cqrs.OrdiniClienti.Messages.Commands\FourSolid.Cqrs.OrdiniClienti.Messages.Commands.csproj", "{D54595F8-7484-4A07-BF98-820E4DEFBB96}"
EndProject
Project("{9A19103F-16F7-4668-BE54-9A1E7A4F7556}") = "FourSolid.Cqrs.OrdiniClienti.Messages.Events", "FourSolid.Cqrs.OrdiniClienti.Messages.Events\FourSolid.Cqrs.OrdiniClienti.Messages.Events.csproj", "{3F4D68C9-7DB9-4DBD-9847-9273D3391EA2}"
EndProject
Project("{2150E333-8FDC-42A3-9474-1A3956D46DE8}") = "Test", "Test", "{B2D20442-4219-4393-8722-A342AF7C7EB3}"
EndProject
Project("{9A19103F-16F7-4668-BE54-9A1E7A4F7556}") = "FourSolid.Cqrs.OrdiniClienti.ApplicationServices.Test", "FourSolid.Cqrs.OrdiniClienti.ApplicationServices.Test\FourSolid.Cqrs.OrdiniClienti.ApplicationServices.Test.csproj", "{C6C153D8-4C0D-46C5-B76E-1703EA24E974}"
EndProject
Project("{9A19103F-16F7-4668-BE54-9A1E7A4F7556}") = "FourSolid.Cqrs.OrdiniClienti.ReadModel.MongoDb", "FourSolid.Cqrs.OrdiniClienti.ReadModel.MongoDb\FourSolid.Cqrs.OrdiniClienti.ReadModel.MongoDb.csproj", "{99BDBA1E-CE69-4A89-8415-B5836E5CE027}"
EndProject
Project("{9A19103F-16F7-4668-BE54-9A1E7A4F7556}") = "Muflone.CommonDomain", "..\FourSolid.Cqrs.Shared\CommonDomain\Muflone.CommonDomain.csproj", "{5A772C9B-FFEA-4843-B0FC-CFEC734D5129}"
EndProject
Global
	GlobalSection(SolutionConfigurationPlatforms) = preSolution
		Debug|Any CPU = Debug|Any CPU
		Release|Any CPU = Release|Any CPU
	EndGlobalSection
	GlobalSection(ProjectConfigurationPlatforms) = postSolution
		{46CDB83F-C906-4DAE-B067-903709218372}.Debug|Any CPU.ActiveCfg = Debug|Any CPU
		{46CDB83F-C906-4DAE-B067-903709218372}.Debug|Any CPU.Build.0 = Debug|Any CPU
		{46CDB83F-C906-4DAE-B067-903709218372}.Release|Any CPU.ActiveCfg = Release|Any CPU
		{46CDB83F-C906-4DAE-B067-903709218372}.Release|Any CPU.Build.0 = Release|Any CPU
		{CB2199A3-A688-41D8-BE3F-FDD40916555C}.Debug|Any CPU.ActiveCfg = Debug|Any CPU
		{CB2199A3-A688-41D8-BE3F-FDD40916555C}.Debug|Any CPU.Build.0 = Debug|Any CPU
		{CB2199A3-A688-41D8-BE3F-FDD40916555C}.Release|Any CPU.ActiveCfg = Release|Any CPU
		{CB2199A3-A688-41D8-BE3F-FDD40916555C}.Release|Any CPU.Build.0 = Release|Any CPU
		{D05412C6-3D2F-4448-936F-BAB88FB1D0E9}.Debug|Any CPU.ActiveCfg = Debug|Any CPU
		{D05412C6-3D2F-4448-936F-BAB88FB1D0E9}.Debug|Any CPU.Build.0 = Debug|Any CPU
		{D05412C6-3D2F-4448-936F-BAB88FB1D0E9}.Release|Any CPU.ActiveCfg = Release|Any CPU
		{D05412C6-3D2F-4448-936F-BAB88FB1D0E9}.Release|Any CPU.Build.0 = Release|Any CPU
		{58DE110A-48F0-4F60-B7FD-7B17FAD3DE22}.Debug|Any CPU.ActiveCfg = Debug|Any CPU
		{58DE110A-48F0-4F60-B7FD-7B17FAD3DE22}.Debug|Any CPU.Build.0 = Debug|Any CPU
		{58DE110A-48F0-4F60-B7FD-7B17FAD3DE22}.Release|Any CPU.ActiveCfg = Release|Any CPU
		{58DE110A-48F0-4F60-B7FD-7B17FAD3DE22}.Release|Any CPU.Build.0 = Release|Any CPU
		{A92A43FA-9BEF-48B8-8A49-3D0624E19DDE}.Debug|Any CPU.ActiveCfg = Debug|Any CPU
		{A92A43FA-9BEF-48B8-8A49-3D0624E19DDE}.Debug|Any CPU.Build.0 = Debug|Any CPU
		{A92A43FA-9BEF-48B8-8A49-3D0624E19DDE}.Release|Any CPU.ActiveCfg = Release|Any CPU
		{A92A43FA-9BEF-48B8-8A49-3D0624E19DDE}.Release|Any CPU.Build.0 = Release|Any CPU
		{0D570102-5C24-4AFD-AC77-D73545F21A3E}.Debug|Any CPU.ActiveCfg = Debug|Any CPU
		{0D570102-5C24-4AFD-AC77-D73545F21A3E}.Debug|Any CPU.Build.0 = Debug|Any CPU
		{0D570102-5C24-4AFD-AC77-D73545F21A3E}.Release|Any CPU.ActiveCfg = Release|Any CPU
		{0D570102-5C24-4AFD-AC77-D73545F21A3E}.Release|Any CPU.Build.0 = Release|Any CPU
		{C93A1EFE-ADCC-4854-B3B1-51B26286BD19}.Debug|Any CPU.ActiveCfg = Debug|Any CPU
		{C93A1EFE-ADCC-4854-B3B1-51B26286BD19}.Debug|Any CPU.Build.0 = Debug|Any CPU
		{C93A1EFE-ADCC-4854-B3B1-51B26286BD19}.Release|Any CPU.ActiveCfg = Release|Any CPU
		{C93A1EFE-ADCC-4854-B3B1-51B26286BD19}.Release|Any CPU.Build.0 = Release|Any CPU
		{8D0C2EEA-C7DB-4C15-8C5C-309FFB7DEA3E}.Debug|Any CPU.ActiveCfg = Debug|Any CPU
		{8D0C2EEA-C7DB-4C15-8C5C-309FFB7DEA3E}.Debug|Any CPU.Build.0 = Debug|Any CPU
		{8D0C2EEA-C7DB-4C15-8C5C-309FFB7DEA3E}.Release|Any CPU.ActiveCfg = Release|Any CPU
		{8D0C2EEA-C7DB-4C15-8C5C-309FFB7DEA3E}.Release|Any CPU.Build.0 = Release|Any CPU
		{69E30D19-A6B2-4FE8-B59A-A74BE78BD5DA}.Debug|Any CPU.ActiveCfg = Debug|Any CPU
		{69E30D19-A6B2-4FE8-B59A-A74BE78BD5DA}.Debug|Any CPU.Build.0 = Debug|Any CPU
		{69E30D19-A6B2-4FE8-B59A-A74BE78BD5DA}.Release|Any CPU.ActiveCfg = Release|Any CPU
		{69E30D19-A6B2-4FE8-B59A-A74BE78BD5DA}.Release|Any CPU.Build.0 = Release|Any CPU
		{7D9192D7-8C61-4303-B4FF-C7B84B1569E4}.Debug|Any CPU.ActiveCfg = Debug|Any CPU
		{7D9192D7-8C61-4303-B4FF-C7B84B1569E4}.Debug|Any CPU.Build.0 = Debug|Any CPU
		{7D9192D7-8C61-4303-B4FF-C7B84B1569E4}.Release|Any CPU.ActiveCfg = Release|Any CPU
		{7D9192D7-8C61-4303-B4FF-C7B84B1569E4}.Release|Any CPU.Build.0 = Release|Any CPU
		{776FDC6B-E62D-47A4-A81E-0C8462A8F3C0}.Debug|Any CPU.ActiveCfg = Debug|Any CPU
		{776FDC6B-E62D-47A4-A81E-0C8462A8F3C0}.Debug|Any CPU.Build.0 = Debug|Any CPU
		{776FDC6B-E62D-47A4-A81E-0C8462A8F3C0}.Release|Any CPU.ActiveCfg = Release|Any CPU
		{776FDC6B-E62D-47A4-A81E-0C8462A8F3C0}.Release|Any CPU.Build.0 = Release|Any CPU
		{D54595F8-7484-4A07-BF98-820E4DEFBB96}.Debug|Any CPU.ActiveCfg = Debug|Any CPU
		{D54595F8-7484-4A07-BF98-820E4DEFBB96}.Debug|Any CPU.Build.0 = Debug|Any CPU
		{D54595F8-7484-4A07-BF98-820E4DEFBB96}.Release|Any CPU.ActiveCfg = Release|Any CPU
		{D54595F8-7484-4A07-BF98-820E4DEFBB96}.Release|Any CPU.Build.0 = Release|Any CPU
		{3F4D68C9-7DB9-4DBD-9847-9273D3391EA2}.Debug|Any CPU.ActiveCfg = Debug|Any CPU
		{3F4D68C9-7DB9-4DBD-9847-9273D3391EA2}.Debug|Any CPU.Build.0 = Debug|Any CPU
		{3F4D68C9-7DB9-4DBD-9847-9273D3391EA2}.Release|Any CPU.ActiveCfg = Release|Any CPU
		{3F4D68C9-7DB9-4DBD-9847-9273D3391EA2}.Release|Any CPU.Build.0 = Release|Any CPU
		{C6C153D8-4C0D-46C5-B76E-1703EA24E974}.Debug|Any CPU.ActiveCfg = Debug|Any CPU
		{C6C153D8-4C0D-46C5-B76E-1703EA24E974}.Debug|Any CPU.Build.0 = Debug|Any CPU
		{C6C153D8-4C0D-46C5-B76E-1703EA24E974}.Release|Any CPU.ActiveCfg = Release|Any CPU
		{C6C153D8-4C0D-46C5-B76E-1703EA24E974}.Release|Any CPU.Build.0 = Release|Any CPU
		{99BDBA1E-CE69-4A89-8415-B5836E5CE027}.Debug|Any CPU.ActiveCfg = Debug|Any CPU
		{99BDBA1E-CE69-4A89-8415-B5836E5CE027}.Debug|Any CPU.Build.0 = Debug|Any CPU
		{99BDBA1E-CE69-4A89-8415-B5836E5CE027}.Release|Any CPU.ActiveCfg = Release|Any CPU
		{99BDBA1E-CE69-4A89-8415-B5836E5CE027}.Release|Any CPU.Build.0 = Release|Any CPU
		{5A772C9B-FFEA-4843-B0FC-CFEC734D5129}.Debug|Any CPU.ActiveCfg = Debug|Any CPU
		{5A772C9B-FFEA-4843-B0FC-CFEC734D5129}.Debug|Any CPU.Build.0 = Debug|Any CPU
		{5A772C9B-FFEA-4843-B0FC-CFEC734D5129}.Release|Any CPU.ActiveCfg = Release|Any CPU
		{5A772C9B-FFEA-4843-B0FC-CFEC734D5129}.Release|Any CPU.Build.0 = Release|Any CPU
	EndGlobalSection
	GlobalSection(SolutionProperties) = preSolution
		HideSolutionNode = FALSE
	EndGlobalSection
	GlobalSection(NestedProjects) = preSolution
		{46CDB83F-C906-4DAE-B067-903709218372} = {6D7C45A5-6764-43CE-889C-034FF16D3E6F}
		{CB2199A3-A688-41D8-BE3F-FDD40916555C} = {4344854D-9B9D-4394-AEC0-CAAC87CDFD2E}
		{54F04E61-95A7-4D3C-B42B-CEE3B28346ED} = {6E37A696-5B6E-4855-9905-70E94F7E8C15}
		{32DA479C-0BBE-45BD-82F6-8256A09FCC6D} = {6E37A696-5B6E-4855-9905-70E94F7E8C15}
		{50E9F3E5-9E4B-46A8-A655-DFAB194AF50F} = {6E37A696-5B6E-4855-9905-70E94F7E8C15}
		{4AA8B27E-6EC4-46F5-BE1B-D9932B87C655} = {6E37A696-5B6E-4855-9905-70E94F7E8C15}
		{E170F109-FBA0-489F-A1CD-AA2C5D403B8D} = {6E37A696-5B6E-4855-9905-70E94F7E8C15}
		{D05412C6-3D2F-4448-936F-BAB88FB1D0E9} = {4344854D-9B9D-4394-AEC0-CAAC87CDFD2E}
		{58DE110A-48F0-4F60-B7FD-7B17FAD3DE22} = {4AA8B27E-6EC4-46F5-BE1B-D9932B87C655}
		{A92A43FA-9BEF-48B8-8A49-3D0624E19DDE} = {32DA479C-0BBE-45BD-82F6-8256A09FCC6D}
		{0D570102-5C24-4AFD-AC77-D73545F21A3E} = {50E9F3E5-9E4B-46A8-A655-DFAB194AF50F}
		{EEC3976A-F351-45E1-B369-29104C6D464A} = {66A340D3-9542-4BFB-995B-7F163AEBB6B8}
		{55CC17C1-AD6E-47B3-8046-5D5FEDEE2BA6} = {66A340D3-9542-4BFB-995B-7F163AEBB6B8}
		{10CDD5EF-2CAB-495D-9B43-4B3A8A0985B4} = {66A340D3-9542-4BFB-995B-7F163AEBB6B8}
		{8C2B017F-0EAA-4504-A171-EE2311451A87} = {6E37A696-5B6E-4855-9905-70E94F7E8C15}
		{C93A1EFE-ADCC-4854-B3B1-51B26286BD19} = {8C2B017F-0EAA-4504-A171-EE2311451A87}
		{8D0C2EEA-C7DB-4C15-8C5C-309FFB7DEA3E} = {29C307CB-90D5-457E-AFA4-858DBABFF153}
		{69E30D19-A6B2-4FE8-B59A-A74BE78BD5DA} = {EEC3976A-F351-45E1-B369-29104C6D464A}
		{7D9192D7-8C61-4303-B4FF-C7B84B1569E4} = {55CC17C1-AD6E-47B3-8046-5D5FEDEE2BA6}
		{776FDC6B-E62D-47A4-A81E-0C8462A8F3C0} = {10CDD5EF-2CAB-495D-9B43-4B3A8A0985B4}
		{D54595F8-7484-4A07-BF98-820E4DEFBB96} = {E170F109-FBA0-489F-A1CD-AA2C5D403B8D}
		{3F4D68C9-7DB9-4DBD-9847-9273D3391EA2} = {E170F109-FBA0-489F-A1CD-AA2C5D403B8D}
		{B2D20442-4219-4393-8722-A342AF7C7EB3} = {29C307CB-90D5-457E-AFA4-858DBABFF153}
		{C6C153D8-4C0D-46C5-B76E-1703EA24E974} = {B2D20442-4219-4393-8722-A342AF7C7EB3}
		{99BDBA1E-CE69-4A89-8415-B5836E5CE027} = {2D31559B-D311-4589-AAA0-40C4A9980A8B}
		{5A772C9B-FFEA-4843-B0FC-CFEC734D5129} = {54F04E61-95A7-4D3C-B42B-CEE3B28346ED}
	EndGlobalSection
	GlobalSection(ExtensibilityGlobals) = postSolution
		SolutionGuid = {6CE1D1F7-CBEA-467D-BF6D-63D4D217C7E5}
	EndGlobalSection
EndGlobal
